// !$*UTF8*$!
{
	archiveVersion = 1;
	classes = {
	};
	objectVersion = 48;
	objects = {

/* Begin PBXBuildFile section */
		E56D6313206EB2FA0064B55F /* AppDelegate.swift in Sources */ = {isa = PBXBuildFile; fileRef = E56D6312206EB2FA0064B55F /* AppDelegate.swift */; };
		E56D6318206EB2FA0064B55F /* Main.storyboard in Resources */ = {isa = PBXBuildFile; fileRef = E56D6316206EB2FA0064B55F /* Main.storyboard */; };
		E56D631A206EB2FA0064B55F /* Assets.xcassets in Resources */ = {isa = PBXBuildFile; fileRef = E56D6319206EB2FA0064B55F /* Assets.xcassets */; };
		E56D631D206EB2FA0064B55F /* LaunchScreen.storyboard in Resources */ = {isa = PBXBuildFile; fileRef = E56D631B206EB2FA0064B55F /* LaunchScreen.storyboard */; };
		E57FCB83206EDE8800CF8C20 /* ViewController.swift in Sources */ = {isa = PBXBuildFile; fileRef = E57FCB82206EDE8800CF8C20 /* ViewController.swift */; };
/* End PBXBuildFile section */

/* Begin PBXFileReference section */
		E56D630F206EB2FA0064B55F /* Shoes.app */ = {isa = PBXFileReference; explicitFileType = wrapper.application; includeInIndex = 0; path = Shoes.app; sourceTree = BUILT_PRODUCTS_DIR; };
		E56D6312206EB2FA0064B55F /* AppDelegate.swift */ = {isa = PBXFileReference; lastKnownFileType = sourcecode.swift; path = AppDelegate.swift; sourceTree = "<group>"; };
		E56D6317206EB2FA0064B55F /* Base */ = {isa = PBXFileReference; lastKnownFileType = file.storyboard; name = Base; path = Base.lproj/Main.storyboard; sourceTree = "<group>"; };
		E56D6319206EB2FA0064B55F /* Assets.xcassets */ = {isa = PBXFileReference; lastKnownFileType = folder.assetcatalog; path = Assets.xcassets; sourceTree = "<group>"; };
		E56D631C206EB2FA0064B55F /* Base */ = {isa = PBXFileReference; lastKnownFileType = file.storyboard; name = Base; path = Base.lproj/LaunchScreen.storyboard; sourceTree = "<group>"; };
		E56D631E206EB2FA0064B55F /* Info.plist */ = {isa = PBXFileReference; lastKnownFileType = text.plist.xml; path = Info.plist; sourceTree = "<group>"; };
		E57FCB82206EDE8800CF8C20 /* ViewController.swift */ = {isa = PBXFileReference; fileEncoding = 4; lastKnownFileType = sourcecode.swift; path = ViewController.swift; sourceTree = "<group>"; };
/* End PBXFileReference section */

/* Begin PBXFrameworksBuildPhase section */
		E56D630C206EB2FA0064B55F /* Frameworks */ = {
			isa = PBXFrameworksBuildPhase;
			buildActionMask = 2147483647;
			files = (
			);
			runOnlyForDeploymentPostprocessing = 0;
		};
/* End PBXFrameworksBuildPhase section */

/* Begin PBXGroup section */
		E56D6306206EB2FA0064B55F = {
			isa = PBXGroup;
			children = (
				E56D6311206EB2FA0064B55F /* Shoes */,
				E56D6310206EB2FA0064B55F /* Products */,
			);
			sourceTree = "<group>";
		};
		E56D6310206EB2FA0064B55F /* Products */ = {
			isa = PBXGroup;
			children = (
				E56D630F206EB2FA0064B55F /* Shoes.app */,
			);
			name = Products;
			sourceTree = "<group>";
		};
		E56D6311206EB2FA0064B55F /* Shoes */ = {
			isa = PBXGroup;
			children = (
				E57FCB82206EDE8800CF8C20 /* ViewController.swift */,
				E56D6312206EB2FA0064B55F /* AppDelegate.swift */,
				E56D6316206EB2FA0064B55F /* Main.storyboard */,
				E56D6319206EB2FA0064B55F /* Assets.xcassets */,
				E56D631B206EB2FA0064B55F /* LaunchScreen.storyboard */,
				E56D631E206EB2FA0064B55F /* Info.plist */,
			);
			path = Shoes;
			sourceTree = "<group>";
		};
/* End PBXGroup section */

/* Begin PBXNativeTarget section */
		E56D630E206EB2FA0064B55F /* Shoes */ = {
			isa = PBXNativeTarget;
			buildConfigurationList = E56D6321206EB2FA0064B55F /* Build configuration list for PBXNativeTarget "Shoes" */;
			buildPhases = (
				E56D630B206EB2FA0064B55F /* Sources */,
				E56D630C206EB2FA0064B55F /* Frameworks */,
				E56D630D206EB2FA0064B55F /* Resources */,
			);
			buildRules = (
			);
			dependencies = (
			);
			name = Shoes;
			productName = Shoes;
			productReference = E56D630F206EB2FA0064B55F /* Shoes.app */;
			productType = "com.apple.product-type.application";
		};
/* End PBXNativeTarget section */

/* Begin PBXProject section */
		E56D6307206EB2FA0064B55F /* Project object */ = {
			isa = PBXProject;
			attributes = {
				LastSwiftUpdateCheck = 0920;
				LastUpgradeCheck = 0920;
				ORGANIZATIONNAME = Natallia;
				TargetAttributes = {
					E56D630E206EB2FA0064B55F = {
						CreatedOnToolsVersion = 9.2;
						ProvisioningStyle = Automatic;
					};
				};
			};
			buildConfigurationList = E56D630A206EB2FA0064B55F /* Build configuration list for PBXProject "Shoes" */;
			compatibilityVersion = "Xcode 8.0";
			developmentRegion = en;
			hasScannedForEncodings = 0;
			knownRegions = (
				en,
				Base,
			);
			mainGroup = E56D6306206EB2FA0064B55F;
			productRefGroup = E56D6310206EB2FA0064B55F /* Products */;
			projectDirPath = "";
			projectRoot = "";
			targets = (
				E56D630E206EB2FA0064B55F /* Shoes */,
			);
		};
/* End PBXProject section */

/* Begin PBXResourcesBuildPhase section */
		E56D630D206EB2FA0064B55F /* Resources */ = {
			isa = PBXResourcesBuildPhase;
			buildActionMask = 2147483647;
			files = (
				E56D631D206EB2FA0064B55F /* LaunchScreen.storyboard in Resources */,
				E56D631A206EB2FA0064B55F /* Assets.xcassets in Resources */,
				E56D6318206EB2FA0064B55F /* Main.storyboard in Resources */,
			);
			runOnlyForDeploymentPostprocessing = 0;
		};
/* End PBXResourcesBuildPhase section */

/* Begin PBXSourcesBuildPhase section */
		E56D630B206EB2FA0064B55F /* Sources */ = {
			isa = PBXSourcesBuildPhase;
			buildActionMask = 2147483647;
			files = (
				E57FCB83206EDE8800CF8C20 /* ViewController.swift in Sources */,
				E56D6313206EB2FA0064B55F /* AppDelegate.swift in Sources */,
			);
			runOnlyForDeploymentPostprocessing = 0;
		};
/* End PBXSourcesBuildPhase section */

/* Begin PBXVariantGroup section */
		E56D6316206EB2FA0064B55F /* Main.storyboard */ = {
			isa = PBXVariantGroup;
			children = (
				E56D6317206EB2FA0064B55F /* Base */,
			);
			name = Main.storyboard;
			sourceTree = "<group>";
		};
		E56D631B206EB2FA0064B55F /* LaunchScreen.storyboard */ = {
			isa = PBXVariantGroup;
			children = (
				E56D631C206EB2FA0064B55F /* Base */,
			);
			name = LaunchScreen.storyboard;
			sourceTree = "<group>";
		};
/* End PBXVariantGroup section */

/* Begin XCBuildConfiguration section */
		E56D631F206EB2FA0064B55F /* Debug */ = {
			isa = XCBuildConfiguration;
			buildSettings = {
				ALWAYS_SEARCH_USER_PATHS = NO;
				CLANG_ANALYZER_NONNULL = YES;
				CLANG_ANALYZER_NUMBER_OBJECT_CONVERSION = YES_AGGRESSIVE;
				CLANG_CXX_LANGUAGE_STANDARD = "gnu++14";
				CLANG_CXX_LIBRARY = "libc++";
				CLANG_ENABLE_MODULES = YES;
				CLANG_ENABLE_OBJC_ARC = YES;
				CLANG_WARN_BLOCK_CAPTURE_AUTORELEASING = YES;
				CLANG_WARN_BOOL_CONVERSION = YES;
				CLANG_WARN_COMMA = YES;
				CLANG_WARN_CONSTANT_CONVERSION = YES;
				CLANG_WARN_DIRECT_OBJC_ISA_USAGE = YES_ERROR;
				CLANG_WARN_DOCUMENTATION_COMMENTS = YES;
				CLANG_WARN_EMPTY_BODY = YES;
				CLANG_WARN_ENUM_CONVERSION = YES;
				CLANG_WARN_INFINITE_RECURSION = YES;
				CLANG_WARN_INT_CONVERSION = YES;
				CLANG_WARN_NON_LITERAL_NULL_CONVERSION = YES;
				CLANG_WARN_OBJC_LITERAL_CONVERSION = YES;
				CLANG_WARN_OBJC_ROOT_CLASS = YES_ERROR;
				CLANG_WARN_RANGE_LOOP_ANALYSIS = YES;
				CLANG_WARN_STRICT_PROTOTYPES = YES;
				CLANG_WARN_SUSPICIOUS_MOVE = YES;
				CLANG_WARN_UNGUARDED_AVAILABILITY = YES_AGGRESSIVE;
				CLANG_WARN_UNREACHABLE_CODE = YES;
				CLANG_WARN__DUPLICATE_METHOD_MATCH = YES;
				CODE_SIGN_IDENTITY = "iPhone Developer";
				COPY_PHASE_STRIP = NO;
				DEBUG_INFORMATION_FORMAT = dwarf;
				ENABLE_STRICT_OBJC_MSGSEND = YES;
				ENABLE_TESTABILITY = YES;
				GCC_C_LANGUAGE_STANDARD = gnu11;
				GCC_DYNAMIC_NO_PIC = NO;
				GCC_NO_COMMON_BLOCKS = YES;
				GCC_OPTIMIZATION_LEVEL = 0;
				GCC_PREPROCESSOR_DEFINITIONS = (
					"DEBUG=1",
					"$(inherited)",
				);
				GCC_WARN_64_TO_32_BIT_CONVERSION = YES;
				GCC_WARN_ABOUT_RETURN_TYPE = YES_ERROR;
				GCC_WARN_UNDECLARED_SELECTOR = YES;
				GCC_WARN_UNINITIALIZED_AUTOS = YES_AGGRESSIVE;
				GCC_WARN_UNUSED_FUNCTION = YES;
				GCC_WARN_UNUSED_VARIABLE = YES;
				IPHONEOS_DEPLOYMENT_TARGET = 11.2;
				MTL_ENABLE_DEBUG_INFO = YES;
				ONLY_ACTIVE_ARCH = YES;
				SDKROOT = iphoneos;
				SWIFT_ACTIVE_COMPILATION_CONDITIONS = DEBUG;
				SWIFT_OPTIMIZATION_LEVEL = "-Onone";
			};
			name = Debug;
		};
		E56D6320206EB2FA0064B55F /* Release */ = {
			isa = XCBuildConfiguration;
			buildSettings = {
				ALWAYS_SEARCH_USER_PATHS = NO;
				CLANG_ANALYZER_NONNULL = YES;
				CLANG_ANALYZER_NUMBER_OBJECT_CONVERSION = YES_AGGRESSIVE;
				CLANG_CXX_LANGUAGE_STANDARD = "gnu++14";
				CLANG_CXX_LIBRARY = "libc++";
				CLANG_ENABLE_MODULES = YES;
				CLANG_ENABLE_OBJC_ARC = YES;
				CLANG_WARN_BLOCK_CAPTURE_AUTORELEASING = YES;
				CLANG_WARN_BOOL_CONVERSION = YES;
				CLANG_WARN_COMMA = YES;
				CLANG_WARN_CONSTANT_CONVERSION = YES;
				CLANG_WARN_DIRECT_OBJC_ISA_USAGE = YES_ERROR;
				CLANG_WARN_DOCUMENTATION_COMMENTS = YES;
				CLANG_WARN_EMPTY_BODY = YES;
				CLANG_WARN_ENUM_CONVERSION = YES;
				CLANG_WARN_INFINITE_RECURSION = YES;
				CLANG_WARN_INT_CONVERSION = YES;
				CLANG_WARN_NON_LITERAL_NULL_CONVERSION = YES;
				CLANG_WARN_OBJC_LITERAL_CONVERSION = YES;
				CLANG_WARN_OBJC_ROOT_CLASS = YES_ERROR;
				CLANG_WARN_RANGE_LOOP_ANALYSIS = YES;
				CLANG_WARN_STRICT_PROTOTYPES = YES;
				CLANG_WARN_SUSPICIOUS_MOVE = YES;
				CLANG_WARN_UNGUARDED_AVAILABILITY = YES_AGGRESSIVE;
				CLANG_WARN_UNREACHABLE_CODE = YES;
				CLANG_WARN__DUPLICATE_METHOD_MATCH = YES;
				CODE_SIGN_IDENTITY = "iPhone Developer";
				COPY_PHASE_STRIP = NO;
				DEBUG_INFORMATION_FORMAT = "dwarf-with-dsym";
				ENABLE_NS_ASSERTIONS = NO;
				ENABLE_STRICT_OBJC_MSGSEND = YES;
				GCC_C_LANGUAGE_STANDARD = gnu11;
				GCC_NO_COMMON_BLOCKS = YES;
				GCC_WARN_64_TO_32_BIT_CONVERSION = YES;
				GCC_WARN_ABOUT_RETURN_TYPE = YES_ERROR;
				GCC_WARN_UNDECLARED_SELECTOR = YES;
				GCC_WARN_UNINITIALIZED_AUTOS = YES_AGGRESSIVE;
				GCC_WARN_UNUSED_FUNCTION = YES;
				GCC_WARN_UNUSED_VARIABLE = YES;
				IPHONEOS_DEPLOYMENT_TARGET = 11.2;
				MTL_ENABLE_DEBUG_INFO = NO;
				SDKROOT = iphoneos;
				SWIFT_OPTIMIZATION_LEVEL = "-Owholemodule";
				VALIDATE_PRODUCT = YES;
			};
			name = Release;
		};
		E56D6322206EB2FA0064B55F /* Debug */ = {
			isa = XCBuildConfiguration;
			buildSettings = {
				ASSETCATALOG_COMPILER_APPICON_NAME = AppIcon;
				CODE_SIGN_STYLE = Automatic;
				INFOPLIST_FILE = Shoes/Info.plist;
				LD_RUNPATH_SEARCH_PATHS = "$(inherited) @executable_path/Frameworks";
				PRODUCT_BUNDLE_IDENTIFIER = io.github.nzubareva.Shoes;
				PRODUCT_NAME = "$(TARGET_NAME)";
				SWIFT_VERSION = 4.0;
				TARGETED_DEVICE_FAMILY = "1,2";
			};
			name = Debug;
		};
		E56D6323206EB2FA0064B55F /* Release */ = {
			isa = XCBuildConfiguration;
			buildSettings = {
				ASSETCATALOG_COMPILER_APPICON_NAME = AppIcon;
				CODE_SIGN_STYLE = Automatic;
				INFOPLIST_FILE = Shoes/Info.plist;
				LD_RUNPATH_SEARCH_PATHS = "$(inherited) @executable_path/Frameworks";
				PRODUCT_BUNDLE_IDENTIFIER = io.github.nzubareva.Shoes;
				PRODUCT_NAME = "$(TARGET_NAME)";
				SWIFT_VERSION = 4.0;
				TARGETED_DEVICE_FAMILY = "1,2";
			};
			name = Release;
		};
/* End XCBuildConfiguration section */

/* Begin XCConfigurationList section */
		E56D630A206EB2FA0064B55F /* Build configuration list for PBXProject "Shoes" */ = {
			isa = XCConfigurationList;
			buildConfigurations = (
				E56D631F206EB2FA0064B55F /* Debug */,
				E56D6320206EB2FA0064B55F /* Release */,
			);
			defaultConfigurationIsVisible = 0;
			defaultConfigurationName = Release;
		};
		E56D6321206EB2FA0064B55F /* Build configuration list for PBXNativeTarget "Shoes" */ = {
			isa = XCConfigurationList;
			buildConfigurations = (
				E56D6322206EB2FA0064B55F /* Debug */,
				E56D6323206EB2FA0064B55F /* Release */,
			);
			defaultConfigurationIsVisible = 0;
			defaultConfigurationName = Release;
		};
/* End XCConfigurationList section */
	};
	rootObject = E56D6307206EB2FA0064B55F /* Project object */;
}
